
Microsoft Visual Studio Solution File, Format Version 12.00
# Visual Studio Version 17
VisualStudioVersion = 17.9.34728.123
MinimumVisualStudioVersion = 10.0.40219.1
Project("{9A19103F-16F7-4668-BE54-9A1E7A4F7556}") = "FoodyWeb", "FoodyWeb\FoodyWeb.csproj", "{F81D4468-C630-469B-87FA-779BC56A925D}"
EndProject
Global
	GlobalSection(SolutionConfigurationPlatforms) = preSolution
		Debug|Any CPU = Debug|Any CPU
		Release|Any CPU = Release|Any CPU
	EndGlobalSection
	GlobalSection(ProjectConfigurationPlatforms) = postSolution
		{F81D4468-C630-469B-87FA-779BC56A925D}.Debug|Any CPU.ActiveCfg = Debug|Any CPU
		{F81D4468-C630-469B-87FA-779BC56A925D}.Debug|Any CPU.Build.0 = Debug|Any CPU
		{F81D4468-C630-469B-87FA-779BC56A925D}.Release|Any CPU.ActiveCfg = Release|Any CPU
		{F81D4468-C630-469B-87FA-779BC56A925D}.Release|Any CPU.Build.0 = Release|Any CPU
	EndGlobalSection
	GlobalSection(SolutionProperties) = preSolution
		HideSolutionNode = FALSE
	EndGlobalSection
	GlobalSection(ExtensibilityGlobals) = postSolution
		SolutionGuid = {F4661ADC-CC4E-4FA9-9AC6-E03CA1EE2DD6}
	EndGlobalSection
EndGlobal
